github.com/jaeyeom/sugo v0.0.0-20191112020940-956d7a785c73 h1:CAvz1EglhK2pVZxMehiuYBu6fPu+rkr2ROgRnGcE6U0=
github.com/jaeyeom/sugo v0.0.0-20191112020940-956d7a785c73/go.mod h1:RGFBdNxL62RrPxplcTE9NjJ1hnVF9QwIIsaIUvO47/0=
github.com/leanovate/gopter v0.2.4/go.mod h1:gNcbPWNEWRe4lm+bycKqxUYoH5uoVje5SkOJ3uoLer8=
golang.org/x/xerrors v0.0.0-20191011141410-1b5146add898/go.mod h1:I/5z698sn9Ka8TeJc9MKroUUfqBBauWjQqLJ2OPfmY0=
